{
  "nodes": {
    "base16-tridactyl": {
      "flake": false,
      "locked": {
        "lastModified": 1673649179,
        "narHash": "sha256-Fog7b4qv5HfTtkJ/5eQt1bdWrVMayjvGHpd3LRJSfi4=",
        "owner": "tridactyl",
        "repo": "base16-tridactyl",
        "rev": "448ff5863ea65532f9c7c7b86f7c650fbb1555d2",
        "type": "github"
      },
      "original": {
        "owner": "tridactyl",
        "repo": "base16-tridactyl",
        "type": "github"
      }
    },
    "chemacs": {
      "flake": false,
      "locked": {
        "lastModified": 1674216959,
        "narHash": "sha256-/WtacZPr45lurS0hv+W8UGzsXY3RujkU5oGGGqjqG0Q=",
        "owner": "plexus",
        "repo": "chemacs2",
        "rev": "c2d700b784c793cc82131ef86323801b8d6e67bb",
        "type": "github"
      },
      "original": {
        "owner": "plexus",
        "repo": "chemacs2",
        "type": "github"
      }
    },
    "doomemacs": {
      "flake": false,
      "locked": {
        "lastModified": 1745580213,
        "narHash": "sha256-Dh/MbaJcMTfV7lJw/lExrTC5mulQUlCQMiLoP95r4yk=",
        "owner": "zeorin",
        "repo": "doomemacs",
        "rev": "965c8afc6a2fc1ae07639f6dd9e1fb88f57015a7",
        "type": "github"
      },
      "original": {
        "owner": "zeorin",
        "ref": "feat/dap-js",
        "repo": "doomemacs",
        "type": "github"
      }
    },
    "emoji-variation-sequences": {
      "flake": false,
      "locked": {
        "narHash": "sha256-W2gU1gRMxYe3NFyzfDia9ckGP1zWy0CfmAvlFRyfW+8=",
        "type": "file",
        "url": "https://www.unicode.org/Public/15.0.0/ucd/emoji/emoji-variation-sequences.txt"
      },
      "original": {
        "type": "file",
        "url": "https://www.unicode.org/Public/15.0.0/ucd/emoji/emoji-variation-sequences.txt"
      }
    },
    "firefox-csshacks": {
      "flake": false,
      "locked": {
        "lastModified": 1746293254,
        "narHash": "sha256-Rcu2WI5t5iv5dJEZ1hQ9S8/R+3Yv+fNkETLny6+BfZM=",
        "owner": "MrOtherGuy",
        "repo": "firefox-csshacks",
        "rev": "c880ab119af62969cee51bf9043d354b90c015a1",
        "type": "github"
      },
      "original": {
        "owner": "MrOtherGuy",
        "repo": "firefox-csshacks",
        "type": "github"
      }
    },
    "flake-parts": {
      "inputs": {
        "nixpkgs-lib": [
          "nur",
          "nixpkgs"
        ]
      },
      "locked": {
        "lastModified": 1733312601,
        "narHash": "sha256-4pDvzqnegAfRkPwO3wmwBhVi/Sye1mzps0zHWYnP88c=",
        "owner": "hercules-ci",
        "repo": "flake-parts",
        "rev": "205b12d8b7cd4802fbcb8e8ef6a0f1408781a4f9",
        "type": "github"
      },
      "original": {
        "owner": "hercules-ci",
        "repo": "flake-parts",
        "type": "github"
      }
    },
    "flake-utils": {
      "inputs": {
        "systems": [
          "systems"
        ]
      },
      "locked": {
        "lastModified": 1731533236,
        "narHash": "sha256-l0KFg5HjrsfsO/JpG+r7fRrqm12kzFHyUHqHCVpMMbI=",
        "owner": "numtide",
        "repo": "flake-utils",
        "rev": "11707dc2f618dd54ca8739b309ec4fc024de578b",
        "type": "github"
      },
      "original": {
        "owner": "numtide",
        "repo": "flake-utils",
        "type": "github"
      }
    },
    "flake-utils_2": {
      "inputs": {
        "systems": "systems"
      },
      "locked": {
        "lastModified": 1681202837,
        "narHash": "sha256-H+Rh19JDwRtpVPAWp64F+rlEtxUWBAQW28eAi3SRSzg=",
        "owner": "numtide",
        "repo": "flake-utils",
        "rev": "cfacdce06f30d2b68473a46042957675eebb3401",
        "type": "github"
      },
      "original": {
        "owner": "numtide",
        "repo": "flake-utils",
        "type": "github"
      }
    },
    "home-manager": {
      "inputs": {
        "nixpkgs": [
          "nixpkgs"
        ]
      },
      "locked": {
        "lastModified": 1746171682,
        "narHash": "sha256-EyXUNSa+H+YvGVuQJP1nZskXAowxKYp79RNUsNdQTj4=",
        "owner": "nix-community",
        "repo": "home-manager",
        "rev": "50eee705bbdbac942074a8c120e8194185633675",
        "type": "github"
      },
      "original": {
        "owner": "nix-community",
        "ref": "release-24.11",
        "repo": "home-manager",
        "type": "github"
      }
    },
    "nix-index-database": {
      "inputs": {
        "nixpkgs": [
          "nixpkgs"
        ]
      },
      "locked": {
        "lastModified": 1746330942,
        "narHash": "sha256-ShizFaJCAST23tSrHHtFFGF0fwd72AG+KhPZFFQX/0o=",
        "owner": "Mic92",
        "repo": "nix-index-database",
        "rev": "137fd2bd726fff343874f85601b51769b48685cc",
        "type": "github"
      },
      "original": {
        "owner": "Mic92",
        "repo": "nix-index-database",
        "type": "github"
      }
    },
    "nixos-hardware": {
      "locked": {
        "lastModified": 1746621361,
        "narHash": "sha256-T9vOxEqI1j1RYugV0b9dgy0AreiZ9yBDKZJYyclF0og=",
        "owner": "NixOS",
        "repo": "nixos-hardware",
        "rev": "2ea3ad8a1f26a76f8a8e23fc4f7757c46ef30ee5",
        "type": "github"
      },
      "original": {
        "owner": "NixOS",
        "ref": "master",
        "repo": "nixos-hardware",
        "type": "github"
      }
    },
    "nixos-vscode-server": {
      "inputs": {
        "flake-utils": "flake-utils_2",
        "nixpkgs": [
          "nixpkgs"
        ]
      },
      "locked": {
        "lastModified": 1729422940,
        "narHash": "sha256-DlvJv33ml5UTKgu4b0HauOfFIoDx6QXtbqUF3vWeRCY=",
        "owner": "nix-community",
        "repo": "nixos-vscode-server",
        "rev": "8b6db451de46ecf9b4ab3d01ef76e59957ff549f",
        "type": "github"
      },
      "original": {
        "owner": "nix-community",
        "repo": "nixos-vscode-server",
        "type": "github"
      }
    },
    "nixpkgs": {
      "locked": {
        "lastModified": 1746557022,
        "narHash": "sha256-QkNoyEf6TbaTW5UZYX0OkwIJ/ZMeKSSoOMnSDPQuol0=",
        "owner": "NixOS",
        "repo": "nixpkgs",
        "rev": "1d3aeb5a193b9ff13f63f4d9cc169fb88129f860",
        "type": "github"
      },
      "original": {
        "owner": "NixOS",
        "ref": "nixos-24.11",
        "repo": "nixpkgs",
        "type": "github"
      }
    },
    "nixpkgs-unstable": {
      "locked": {
        "lastModified": 1746461020,
        "narHash": "sha256-7+pG1I9jvxNlmln4YgnlW4o+w0TZX24k688mibiFDUE=",
        "owner": "NixOS",
        "repo": "nixpkgs",
        "rev": "3730d8a308f94996a9ba7c7138ede69c1b9ac4ae",
        "type": "github"
      },
      "original": {
        "owner": "NixOS",
        "ref": "nixos-unstable",
        "repo": "nixpkgs",
        "type": "github"
      }
    },
    "nixpkgs_2": {
      "locked": {
        "lastModified": 1746461020,
        "narHash": "sha256-7+pG1I9jvxNlmln4YgnlW4o+w0TZX24k688mibiFDUE=",
        "owner": "nixos",
        "repo": "nixpkgs",
        "rev": "3730d8a308f94996a9ba7c7138ede69c1b9ac4ae",
        "type": "github"
      },
      "original": {
        "owner": "nixos",
        "ref": "nixos-unstable",
        "repo": "nixpkgs",
        "type": "github"
      }
    },
    "nord-dircolors": {
      "flake": false,
      "locked": {
        "lastModified": 1682936047,
        "narHash": "sha256-sPTo78BTyAMSzmRc2oY1102scXnovdn8vWqkgONwdio=",
        "owner": "nordtheme",
        "repo": "dircolors",
        "rev": "0a4906965e2b7b181d2b8f15395dcae2c43ace38",
        "type": "github"
      },
      "original": {
        "owner": "nordtheme",
        "repo": "dircolors",
        "type": "github"
      }
    },
    "nur": {
      "inputs": {
        "flake-parts": "flake-parts",
        "nixpkgs": "nixpkgs_2",
        "treefmt-nix": "treefmt-nix"
      },
      "locked": {
        "lastModified": 1746689455,
        "narHash": "sha256-nhUz3/4AHEVpMaT4TQN+rXY2EsX4GJWXnVr9eTGptEk=",
        "owner": "nix-community",
        "repo": "NUR",
        "rev": "dd2b6acde8faac90eab0928c5ad4e4e234ca3488",
        "type": "github"
      },
      "original": {
        "owner": "nix-community",
        "repo": "NUR",
        "type": "github"
      }
    },
    "pulseaudio-control": {
      "flake": false,
      "locked": {
        "lastModified": 1716291112,
        "narHash": "sha256-psaZQBC9LMdmaXWIHytfP4CjiduRm4ObEWCgFDGehWg=",
        "owner": "marioortizmanero",
        "repo": "polybar-pulseaudio-control",
        "rev": "ed03a1b85dd0e92f85bc7446b78e010b36be4606",
        "type": "github"
      },
      "original": {
        "owner": "marioortizmanero",
        "repo": "polybar-pulseaudio-control",
        "type": "github"
      }
    },
    "root": {
      "inputs": {
        "base16-tridactyl": "base16-tridactyl",
        "chemacs": "chemacs",
        "doomemacs": "doomemacs",
        "emoji-variation-sequences": "emoji-variation-sequences",
        "firefox-csshacks": "firefox-csshacks",
        "flake-utils": "flake-utils",
        "home-manager": "home-manager",
        "nix-index-database": "nix-index-database",
        "nixos-hardware": "nixos-hardware",
        "nixos-vscode-server": "nixos-vscode-server",
        "nixpkgs": "nixpkgs",
        "nixpkgs-unstable": "nixpkgs-unstable",
        "nord-dircolors": "nord-dircolors",
        "nur": "nur",
        "pulseaudio-control": "pulseaudio-control",
        "systems": "systems_2"
      }
    },
    "systems": {
      "locked": {
        "lastModified": 1681028828,
        "narHash": "sha256-Vy1rq5AaRuLzOxct8nz4T6wlgyUR7zLU309k9mBC768=",
        "owner": "nix-systems",
        "repo": "default",
        "rev": "da67096a3b9bf56a91d16901293e51ba5b49a27e",
        "type": "github"
      },
      "original": {
        "owner": "nix-systems",
        "repo": "default",
        "type": "github"
      }
    },
    "systems_2": {
      "locked": {
        "lastModified": 1680978846,
        "narHash": "sha256-Gtqg8b/v49BFDpDetjclCYXm8mAnTrUzR0JnE2nv5aw=",
        "owner": "nix-systems",
        "repo": "x86_64-linux",
        "rev": "2ecfcac5e15790ba6ce360ceccddb15ad16d08a8",
        "type": "github"
      },
      "original": {
        "owner": "nix-systems",
        "repo": "x86_64-linux",
        "type": "github"
      }
    },
    "treefmt-nix": {
      "inputs": {
        "nixpkgs": [
          "nur",
          "nixpkgs"
        ]
      },
      "locked": {
        "lastModified": 1733222881,
        "narHash": "sha256-JIPcz1PrpXUCbaccEnrcUS8jjEb/1vJbZz5KkobyFdM=",
        "owner": "numtide",
        "repo": "treefmt-nix",
        "rev": "49717b5af6f80172275d47a418c9719a31a78b53",
        "type": "github"
      },
      "original": {
        "owner": "numtide",
        "repo": "treefmt-nix",
        "type": "github"
      }
    }
  },
  "root": "root",
  "version": 7
}
